// !$*UTF8*$!
{
	archiveVersion = 1;
	classes = {
	};
	objectVersion = 46;
	objects = {

/* Begin PBXBuildFile section */
		774E7004151CF4E700243848 /* main.c in Sources */ = {isa = PBXBuildFile; fileRef = 774E7003151CF4E700243848 /* main.c */; };
		774E7006151CF4E700243848 /* TestSulfideLiquid.1 in CopyFiles */ = {isa = PBXBuildFile; fileRef = 774E7005151CF4E700243848 /* TestSulfideLiquid.1 */; };
		774E703F151CF51F00243848 /* Chem.cc in Sources */ = {isa = PBXBuildFile; fileRef = 774E700C151CF51F00243848 /* Chem.cc */; };
		774E7040151CF51F00243848 /* CholeskySolve.cc in Sources */ = {isa = PBXBuildFile; fileRef = 774E700E151CF51F00243848 /* CholeskySolve.cc */; };
		774E7041151CF51F00243848 /* CuLiq.cc in Sources */ = {isa = PBXBuildFile; fileRef = 774E7010151CF51F00243848 /* CuLiq.cc */; };
		774E7042151CF51F00243848 /* eigensystem.cc in Sources */ = {isa = PBXBuildFile; fileRef = 774E7012151CF51F00243848 /* eigensystem.cc */; };
		774E7043151CF51F00243848 /* FeLiq.cc in Sources */ = {isa = PBXBuildFile; fileRef = 774E7014151CF51F00243848 /* FeLiq.cc */; };
		774E7044151CF51F00243848 /* ModifiedCholesky.cc in Sources */ = {isa = PBXBuildFile; fileRef = 774E7016151CF51F00243848 /* ModifiedCholesky.cc */; };
		774E7045151CF51F00243848 /* ModifiedNR.cc in Sources */ = {isa = PBXBuildFile; fileRef = 774E7018151CF51F00243848 /* ModifiedNR.cc */; };
		774E7046151CF51F00243848 /* NiLiq.cc in Sources */ = {isa = PBXBuildFile; fileRef = 774E701A151CF51F00243848 /* NiLiq.cc */; };
		774E7047151CF51F00243848 /* NumUtil.cc in Sources */ = {isa = PBXBuildFile; fileRef = 774E701C151CF51F00243848 /* NumUtil.cc */; };
		774E7048151CF51F00243848 /* O2Gas.cc in Sources */ = {isa = PBXBuildFile; fileRef = 774E701E151CF51F00243848 /* O2Gas.cc */; };
		774E7049151CF51F00243848 /* Phase.cc in Sources */ = {isa = PBXBuildFile; fileRef = 774E7020151CF51F00243848 /* Phase.cc */; };
		774E704A151CF51F00243848 /* PhaseExceptions.cc in Sources */ = {isa = PBXBuildFile; fileRef = 774E7022151CF51F00243848 /* PhaseExceptions.cc */; };
		774E704B151CF51F00243848 /* S2Gas.cc in Sources */ = {isa = PBXBuildFile; fileRef = 774E7024151CF51F00243848 /* S2Gas.cc */; };
		774E704C151CF51F00243848 /* ShomateIdealGas.cc in Sources */ = {isa = PBXBuildFile; fileRef = 774E7026151CF51F00243848 /* ShomateIdealGas.cc */; };
		774E704D151CF51F00243848 /* ShomatePhase.cc in Sources */ = {isa = PBXBuildFile; fileRef = 774E7028151CF51F00243848 /* ShomatePhase.cc */; };
		774E704E151CF51F00243848 /* ShomateVinetPhase.cc in Sources */ = {isa = PBXBuildFile; fileRef = 774E702A151CF51F00243848 /* ShomateVinetPhase.cc */; };
		774E704F151CF51F00243848 /* SLiq.cc in Sources */ = {isa = PBXBuildFile; fileRef = 774E702C151CF51F00243848 /* SLiq.cc */; };
		774E7050151CF51F00243848 /* Solution.cc in Sources */ = {isa = PBXBuildFile; fileRef = 774E702E151CF51F00243848 /* Solution.cc */; };
		774E7051151CF51F00243848 /* SpecSolNID.cc in Sources */ = {isa = PBXBuildFile; fileRef = 774E7030151CF51F00243848 /* SpecSolNID.cc */; };
		774E7052151CF51F00243848 /* SpecSolution.cc in Sources */ = {isa = PBXBuildFile; fileRef = 774E7032151CF51F00243848 /* SpecSolution.cc */; };
		774E7053151CF51F00243848 /* sulfideLiquid.cc in Sources */ = {isa = PBXBuildFile; fileRef = 774E7034151CF51F00243848 /* sulfideLiquid.cc */; };
		774E7054151CF51F00243848 /* SulfLiq.cc in Sources */ = {isa = PBXBuildFile; fileRef = 774E7035151CF51F00243848 /* SulfLiq.cc */; };
		774E7055151CF51F00243848 /* svDcmp.cc in Sources */ = {isa = PBXBuildFile; fileRef = 774E7037151CF51F00243848 /* svDcmp.cc */; };
		774E7056151CF51F00243848 /* svdInv.cc in Sources */ = {isa = PBXBuildFile; fileRef = 774E7039151CF51F00243848 /* svdInv.cc */; };
		774E7057151CF51F00243848 /* svdSolve.cc in Sources */ = {isa = PBXBuildFile; fileRef = 774E703B151CF51F00243848 /* svdSolve.cc */; };
		774E7058151CF51F00243848 /* VinetEOS.cc in Sources */ = {isa = PBXBuildFile; fileRef = 774E703D151CF51F00243848 /* VinetEOS.cc */; };
		774E705A151CF6D500243848 /* recipes.c in Sources */ = {isa = PBXBuildFile; fileRef = 774E7059151CF6D500243848 /* recipes.c */; };
/* End PBXBuildFile section */

/* Begin PBXCopyFilesBuildPhase section */
		774E6FFD151CF4E700243848 /* CopyFiles */ = {
			isa = PBXCopyFilesBuildPhase;
			buildActionMask = 2147483647;
			dstPath = /usr/share/man/man1/;
			dstSubfolderSpec = 0;
			files = (
				774E7006151CF4E700243848 /* TestSulfideLiquid.1 in CopyFiles */,
			);
			runOnlyForDeploymentPostprocessing = 1;
		};
/* End PBXCopyFilesBuildPhase section */

/* Begin PBXFileReference section */
		774E6FFF151CF4E700243848 /* TestSulfideLiquid */ = {isa = PBXFileReference; explicitFileType = "compiled.mach-o.executable"; includeInIndex = 0; path = TestSulfideLiquid; sourceTree = BUILT_PRODUCTS_DIR; };
		774E7003151CF4E700243848 /* main.c */ = {isa = PBXFileReference; lastKnownFileType = sourcecode.c.c; path = main.c; sourceTree = "<group>"; };
		774E7005151CF4E700243848 /* TestSulfideLiquid.1 */ = {isa = PBXFileReference; lastKnownFileType = text.man; path = TestSulfideLiquid.1; sourceTree = "<group>"; };
		774E700C151CF51F00243848 /* Chem.cc */ = {isa = PBXFileReference; fileEncoding = 4; lastKnownFileType = sourcecode.cpp.cpp; name = Chem.cc; path = ../../Chem.cc; sourceTree = "<group>"; };
		774E700D151CF51F00243848 /* Chem.h */ = {isa = PBXFileReference; fileEncoding = 4; lastKnownFileType = sourcecode.c.h; name = Chem.h; path = ../../Chem.h; sourceTree = "<group>"; };
		774E700E151CF51F00243848 /* CholeskySolve.cc */ = {isa = PBXFileReference; fileEncoding = 4; lastKnownFileType = sourcecode.cpp.cpp; name = CholeskySolve.cc; path = ../../CholeskySolve.cc; sourceTree = "<group>"; };
		774E700F151CF51F00243848 /* CholeskySolve.h */ = {isa = PBXFileReference; fileEncoding = 4; lastKnownFileType = sourcecode.c.h; name = CholeskySolve.h; path = ../../CholeskySolve.h; sourceTree = "<group>"; };
		774E7010151CF51F00243848 /* CuLiq.cc */ = {isa = PBXFileReference; fileEncoding = 4; lastKnownFileType = sourcecode.cpp.cpp; name = CuLiq.cc; path = ../../CuLiq.cc; sourceTree = "<group>"; };
		774E7011151CF51F00243848 /* CuLiq.h */ = {isa = PBXFileReference; fileEncoding = 4; lastKnownFileType = sourcecode.c.h; name = CuLiq.h; path = ../../CuLiq.h; sourceTree = "<group>"; };
		774E7012151CF51F00243848 /* eigensystem.cc */ = {isa = PBXFileReference; fileEncoding = 4; lastKnownFileType = sourcecode.cpp.cpp; name = eigensystem.cc; path = ../../eigensystem.cc; sourceTree = "<group>"; };
		774E7013151CF51F00243848 /* eigensystem.h */ = {isa = PBXFileReference; fileEncoding = 4; lastKnownFileType = sourcecode.c.h; name = eigensystem.h; path = ../../eigensystem.h; sourceTree = "<group>"; };
		774E7014151CF51F00243848 /* FeLiq.cc */ = {isa = PBXFileReference; fileEncoding = 4; lastKnownFileType = sourcecode.cpp.cpp; name = FeLiq.cc; path = ../../FeLiq.cc; sourceTree = "<group>"; };
		774E7015151CF51F00243848 /* FeLiq.h */ = {isa = PBXFileReference; fileEncoding = 4; lastKnownFileType = sourcecode.c.h; name = FeLiq.h; path = ../../FeLiq.h; sourceTree = "<group>"; };
		774E7016151CF51F00243848 /* ModifiedCholesky.cc */ = {isa = PBXFileReference; fileEncoding = 4; lastKnownFileType = sourcecode.cpp.cpp; name = ModifiedCholesky.cc; path = ../../ModifiedCholesky.cc; sourceTree = "<group>"; };
		774E7017151CF51F00243848 /* ModifiedCholesky.h */ = {isa = PBXFileReference; fileEncoding = 4; lastKnownFileType = sourcecode.c.h; name = ModifiedCholesky.h; path = ../../ModifiedCholesky.h; sourceTree = "<group>"; };
		774E7018151CF51F00243848 /* ModifiedNR.cc */ = {isa = PBXFileReference; fileEncoding = 4; lastKnownFileType = sourcecode.cpp.cpp; name = ModifiedNR.cc; path = ../../ModifiedNR.cc; sourceTree = "<group>"; };
		774E7019151CF51F00243848 /* ModifiedNR.h */ = {isa = PBXFileReference; fileEncoding = 4; lastKnownFileType = sourcecode.c.h; name = ModifiedNR.h; path = ../../ModifiedNR.h; sourceTree = "<group>"; };
		774E701A151CF51F00243848 /* NiLiq.cc */ = {isa = PBXFileReference; fileEncoding = 4; lastKnownFileType = sourcecode.cpp.cpp; name = NiLiq.cc; path = ../../NiLiq.cc; sourceTree = "<group>"; };
		774E701B151CF51F00243848 /* NiLiq.h */ = {isa = PBXFileReference; fileEncoding = 4; lastKnownFileType = sourcecode.c.h; name = NiLiq.h; path = ../../NiLiq.h; sourceTree = "<group>"; };
		774E701C151CF51F00243848 /* NumUtil.cc */ = {isa = PBXFileReference; fileEncoding = 4; lastKnownFileType = sourcecode.cpp.cpp; name = NumUtil.cc; path = ../../NumUtil.cc; sourceTree = "<group>"; };
		774E701D151CF51F00243848 /* NumUtil.h */ = {isa = PBXFileReference; fileEncoding = 4; lastKnownFileType = sourcecode.c.h; name = NumUtil.h; path = ../../NumUtil.h; sourceTree = "<group>"; };
		774E701E151CF51F00243848 /* O2Gas.cc */ = {isa = PBXFileReference; fileEncoding = 4; lastKnownFileType = sourcecode.cpp.cpp; name = O2Gas.cc; path = ../../O2Gas.cc; sourceTree = "<group>"; };
		774E701F151CF51F00243848 /* O2Gas.h */ = {isa = PBXFileReference; fileEncoding = 4; lastKnownFileType = sourcecode.c.h; name = O2Gas.h; path = ../../O2Gas.h; sourceTree = "<group>"; };
		774E7020151CF51F00243848 /* Phase.cc */ = {isa = PBXFileReference; fileEncoding = 4; lastKnownFileType = sourcecode.cpp.cpp; name = Phase.cc; path = ../../Phase.cc; sourceTree = "<group>"; };
		774E7021151CF51F00243848 /* Phase.h */ = {isa = PBXFileReference; fileEncoding = 4; lastKnownFileType = sourcecode.c.h; name = Phase.h; path = ../../Phase.h; sourceTree = "<group>"; };
		774E7022151CF51F00243848 /* PhaseExceptions.cc */ = {isa = PBXFileReference; fileEncoding = 4; lastKnownFileType = sourcecode.cpp.cpp; name = PhaseExceptions.cc; path = ../../PhaseExceptions.cc; sourceTree = "<group>"; };
		774E7023151CF51F00243848 /* PhaseExceptions.h */ = {isa = PBXFileReference; fileEncoding = 4; lastKnownFileType = sourcecode.c.h; name = PhaseExceptions.h; path = ../../PhaseExceptions.h; sourceTree = "<group>"; };
		774E7024151CF51F00243848 /* S2Gas.cc */ = {isa = PBXFileReference; fileEncoding = 4; lastKnownFileType = sourcecode.cpp.cpp; name = S2Gas.cc; path = ../../S2Gas.cc; sourceTree = "<group>"; };
		774E7025151CF51F00243848 /* S2Gas.h */ = {isa = PBXFileReference; fileEncoding = 4; lastKnownFileType = sourcecode.c.h; name = S2Gas.h; path = ../../S2Gas.h; sourceTree = "<group>"; };
		774E7026151CF51F00243848 /* ShomateIdealGas.cc */ = {isa = PBXFileReference; fileEncoding = 4; lastKnownFileType = sourcecode.cpp.cpp; name = ShomateIdealGas.cc; path = ../../ShomateIdealGas.cc; sourceTree = "<group>"; };
		774E7027151CF51F00243848 /* ShomateIdealGas.h */ = {isa = PBXFileReference; fileEncoding = 4; lastKnownFileType = sourcecode.c.h; name = ShomateIdealGas.h; path = ../../ShomateIdealGas.h; sourceTree = "<group>"; };
		774E7028151CF51F00243848 /* ShomatePhase.cc */ = {isa = PBXFileReference; fileEncoding = 4; lastKnownFileType = sourcecode.cpp.cpp; name = ShomatePhase.cc; path = ../../ShomatePhase.cc; sourceTree = "<group>"; };
		774E7029151CF51F00243848 /* ShomatePhase.h */ = {isa = PBXFileReference; fileEncoding = 4; lastKnownFileType = sourcecode.c.h; name = ShomatePhase.h; path = ../../ShomatePhase.h; sourceTree = "<group>"; };
		774E702A151CF51F00243848 /* ShomateVinetPhase.cc */ = {isa = PBXFileReference; fileEncoding = 4; lastKnownFileType = sourcecode.cpp.cpp; name = ShomateVinetPhase.cc; path = ../../ShomateVinetPhase.cc; sourceTree = "<group>"; };
		774E702B151CF51F00243848 /* ShomateVinetPhase.h */ = {isa = PBXFileReference; fileEncoding = 4; lastKnownFileType = sourcecode.c.h; name = ShomateVinetPhase.h; path = ../../ShomateVinetPhase.h; sourceTree = "<group>"; };
		774E702C151CF51F00243848 /* SLiq.cc */ = {isa = PBXFileReference; fileEncoding = 4; lastKnownFileType = sourcecode.cpp.cpp; name = SLiq.cc; path = ../../SLiq.cc; sourceTree = "<group>"; };
		774E702D151CF51F00243848 /* SLiq.h */ = {isa = PBXFileReference; fileEncoding = 4; lastKnownFileType = sourcecode.c.h; name = SLiq.h; path = ../../SLiq.h; sourceTree = "<group>"; };
		774E702E151CF51F00243848 /* Solution.cc */ = {isa = PBXFileReference; fileEncoding = 4; lastKnownFileType = sourcecode.cpp.cpp; name = Solution.cc; path = ../../Solution.cc; sourceTree = "<group>"; };
		774E702F151CF51F00243848 /* Solution.h */ = {isa = PBXFileReference; fileEncoding = 4; lastKnownFileType = sourcecode.c.h; name = Solution.h; path = ../../Solution.h; sourceTree = "<group>"; };
		774E7030151CF51F00243848 /* SpecSolNID.cc */ = {isa = PBXFileReference; fileEncoding = 4; lastKnownFileType = sourcecode.cpp.cpp; name = SpecSolNID.cc; path = ../../SpecSolNID.cc; sourceTree = "<group>"; };
		774E7031151CF51F00243848 /* SpecSolNID.h */ = {isa = PBXFileReference; fileEncoding = 4; lastKnownFileType = sourcecode.c.h; name = SpecSolNID.h; path = ../../SpecSolNID.h; sourceTree = "<group>"; };
		774E7032151CF51F00243848 /* SpecSolution.cc */ = {isa = PBXFileReference; fileEncoding = 4; lastKnownFileType = sourcecode.cpp.cpp; name = SpecSolution.cc; path = ../../SpecSolution.cc; sourceTree = "<group>"; };
		774E7033151CF51F00243848 /* SpecSolution.h */ = {isa = PBXFileReference; fileEncoding = 4; lastKnownFileType = sourcecode.c.h; name = SpecSolution.h; path = ../../SpecSolution.h; sourceTree = "<group>"; };
		774E7034151CF51F00243848 /* sulfideLiquid.cc */ = {isa = PBXFileReference; fileEncoding = 4; lastKnownFileType = sourcecode.cpp.cpp; name = sulfideLiquid.cc; path = ../../sulfideLiquid.cc; sourceTree = "<group>"; };
		774E7035151CF51F00243848 /* SulfLiq.cc */ = {isa = PBXFileReference; fileEncoding = 4; lastKnownFileType = sourcecode.cpp.cpp; name = SulfLiq.cc; path = ../../SulfLiq.cc; sourceTree = "<group>"; };
		774E7036151CF51F00243848 /* SulfLiq.h */ = {isa = PBXFileReference; fileEncoding = 4; lastKnownFileType = sourcecode.c.h; name = SulfLiq.h; path = ../../SulfLiq.h; sourceTree = "<group>"; };
		774E7037151CF51F00243848 /* svDcmp.cc */ = {isa = PBXFileReference; fileEncoding = 4; lastKnownFileType = sourcecode.cpp.cpp; name = svDcmp.cc; path = ../../svDcmp.cc; sourceTree = "<group>"; };
		774E7038151CF51F00243848 /* svDcmp.h */ = {isa = PBXFileReference; fileEncoding = 4; lastKnownFileType = sourcecode.c.h; name = svDcmp.h; path = ../../svDcmp.h; sourceTree = "<group>"; };
		774E7039151CF51F00243848 /* svdInv.cc */ = {isa = PBXFileReference; fileEncoding = 4; lastKnownFileType = sourcecode.cpp.cpp; name = svdInv.cc; path = ../../svdInv.cc; sourceTree = "<group>"; };
		774E703A151CF51F00243848 /* svdInv.h */ = {isa = PBXFileReference; fileEncoding = 4; lastKnownFileType = sourcecode.c.h; name = svdInv.h; path = ../../svdInv.h; sourceTree = "<group>"; };
		774E703B151CF51F00243848 /* svdSolve.cc */ = {isa = PBXFileReference; fileEncoding = 4; lastKnownFileType = sourcecode.cpp.cpp; name = svdSolve.cc; path = ../../svdSolve.cc; sourceTree = "<group>"; };
		774E703C151CF51F00243848 /* svdSolve.h */ = {isa = PBXFileReference; fileEncoding = 4; lastKnownFileType = sourcecode.c.h; name = svdSolve.h; path = ../../svdSolve.h; sourceTree = "<group>"; };
		774E703D151CF51F00243848 /* VinetEOS.cc */ = {isa = PBXFileReference; fileEncoding = 4; lastKnownFileType = sourcecode.cpp.cpp; name = VinetEOS.cc; path = ../../VinetEOS.cc; sourceTree = "<group>"; };
		774E703E151CF51F00243848 /* VinetEOS.h */ = {isa = PBXFileReference; fileEncoding = 4; lastKnownFileType = sourcecode.c.h; name = VinetEOS.h; path = ../../VinetEOS.h; sourceTree = "<group>"; };
		774E7059151CF6D500243848 /* recipes.c */ = {isa = PBXFileReference; fileEncoding = 4; lastKnownFileType = sourcecode.c.c; name = recipes.c; path = ../../../sources/recipes.c; sourceTree = "<group>"; };
/* End PBXFileReference section */

/* Begin PBXFrameworksBuildPhase section */
		774E6FFC151CF4E700243848 /* Frameworks */ = {
			isa = PBXFrameworksBuildPhase;
			buildActionMask = 2147483647;
			files = (
			);
			runOnlyForDeploymentPostprocessing = 0;
		};
/* End PBXFrameworksBuildPhase section */

/* Begin PBXGroup section */
		774E6FF4151CF4E600243848 = {
			isa = PBXGroup;
			children = (
				774E7002151CF4E700243848 /* TestSulfideLiquid */,
				774E7000151CF4E700243848 /* Products */,
			);
			sourceTree = "<group>";
		};
		774E7000151CF4E700243848 /* Products */ = {
			isa = PBXGroup;
			children = (
				774E6FFF151CF4E700243848 /* TestSulfideLiquid */,
			);
			name = Products;
			sourceTree = "<group>";
		};
		774E7002151CF4E700243848 /* TestSulfideLiquid */ = {
			isa = PBXGroup;
			children = (
				774E7059151CF6D500243848 /* recipes.c */,
				774E700C151CF51F00243848 /* Chem.cc */,
				774E700D151CF51F00243848 /* Chem.h */,
				774E700E151CF51F00243848 /* CholeskySolve.cc */,
				774E700F151CF51F00243848 /* CholeskySolve.h */,
				774E7010151CF51F00243848 /* CuLiq.cc */,
				774E7011151CF51F00243848 /* CuLiq.h */,
				774E7012151CF51F00243848 /* eigensystem.cc */,
				774E7013151CF51F00243848 /* eigensystem.h */,
				774E7014151CF51F00243848 /* FeLiq.cc */,
				774E7015151CF51F00243848 /* FeLiq.h */,
				774E7016151CF51F00243848 /* ModifiedCholesky.cc */,
				774E7017151CF51F00243848 /* ModifiedCholesky.h */,
				774E7018151CF51F00243848 /* ModifiedNR.cc */,
				774E7019151CF51F00243848 /* ModifiedNR.h */,
				774E701A151CF51F00243848 /* NiLiq.cc */,
				774E701B151CF51F00243848 /* NiLiq.h */,
				774E701C151CF51F00243848 /* NumUtil.cc */,
				774E701D151CF51F00243848 /* NumUtil.h */,
				774E701E151CF51F00243848 /* O2Gas.cc */,
				774E701F151CF51F00243848 /* O2Gas.h */,
				774E7020151CF51F00243848 /* Phase.cc */,
				774E7021151CF51F00243848 /* Phase.h */,
				774E7022151CF51F00243848 /* PhaseExceptions.cc */,
				774E7023151CF51F00243848 /* PhaseExceptions.h */,
				774E7024151CF51F00243848 /* S2Gas.cc */,
				774E7025151CF51F00243848 /* S2Gas.h */,
				774E7026151CF51F00243848 /* ShomateIdealGas.cc */,
				774E7027151CF51F00243848 /* ShomateIdealGas.h */,
				774E7028151CF51F00243848 /* ShomatePhase.cc */,
				774E7029151CF51F00243848 /* ShomatePhase.h */,
				774E702A151CF51F00243848 /* ShomateVinetPhase.cc */,
				774E702B151CF51F00243848 /* ShomateVinetPhase.h */,
				774E702C151CF51F00243848 /* SLiq.cc */,
				774E702D151CF51F00243848 /* SLiq.h */,
				774E702E151CF51F00243848 /* Solution.cc */,
				774E702F151CF51F00243848 /* Solution.h */,
				774E7030151CF51F00243848 /* SpecSolNID.cc */,
				774E7031151CF51F00243848 /* SpecSolNID.h */,
				774E7032151CF51F00243848 /* SpecSolution.cc */,
				774E7033151CF51F00243848 /* SpecSolution.h */,
				774E7034151CF51F00243848 /* sulfideLiquid.cc */,
				774E7035151CF51F00243848 /* SulfLiq.cc */,
				774E7036151CF51F00243848 /* SulfLiq.h */,
				774E7037151CF51F00243848 /* svDcmp.cc */,
				774E7038151CF51F00243848 /* svDcmp.h */,
				774E7039151CF51F00243848 /* svdInv.cc */,
				774E703A151CF51F00243848 /* svdInv.h */,
				774E703B151CF51F00243848 /* svdSolve.cc */,
				774E703C151CF51F00243848 /* svdSolve.h */,
				774E703D151CF51F00243848 /* VinetEOS.cc */,
				774E703E151CF51F00243848 /* VinetEOS.h */,
				774E7003151CF4E700243848 /* main.c */,
				774E7005151CF4E700243848 /* TestSulfideLiquid.1 */,
			);
			path = TestSulfideLiquid;
			sourceTree = "<group>";
		};
/* End PBXGroup section */

/* Begin PBXNativeTarget section */
		774E6FFE151CF4E700243848 /* TestSulfideLiquid */ = {
			isa = PBXNativeTarget;
			buildConfigurationList = 774E7009151CF4E700243848 /* Build configuration list for PBXNativeTarget "TestSulfideLiquid" */;
			buildPhases = (
				774E6FFB151CF4E700243848 /* Sources */,
				774E6FFC151CF4E700243848 /* Frameworks */,
				774E6FFD151CF4E700243848 /* CopyFiles */,
			);
			buildRules = (
			);
			dependencies = (
			);
			name = TestSulfideLiquid;
			productName = TestSulfideLiquid;
			productReference = 774E6FFF151CF4E700243848 /* TestSulfideLiquid */;
			productType = "com.apple.product-type.tool";
		};
/* End PBXNativeTarget section */

/* Begin PBXProject section */
		774E6FF6151CF4E600243848 /* Project object */ = {
			isa = PBXProject;
			attributes = {
				LastUpgradeCheck = 0430;
				ORGANIZATIONNAME = "OFM Research Inc";
			};
			buildConfigurationList = 774E6FF9151CF4E600243848 /* Build configuration list for PBXProject "TestSulfideLiquid" */;
			compatibilityVersion = "Xcode 3.2";
			developmentRegion = English;
			hasScannedForEncodings = 0;
			knownRegions = (
				en,
			);
			mainGroup = 774E6FF4151CF4E600243848;
			productRefGroup = 774E7000151CF4E700243848 /* Products */;
			projectDirPath = "";
			projectRoot = "";
			targets = (
				774E6FFE151CF4E700243848 /* TestSulfideLiquid */,
			);
		};
/* End PBXProject section */

/* Begin PBXSourcesBuildPhase section */
		774E6FFB151CF4E700243848 /* Sources */ = {
			isa = PBXSourcesBuildPhase;
			buildActionMask = 2147483647;
			files = (
				774E7004151CF4E700243848 /* main.c in Sources */,
				774E703F151CF51F00243848 /* Chem.cc in Sources */,
				774E7040151CF51F00243848 /* CholeskySolve.cc in Sources */,
				774E7041151CF51F00243848 /* CuLiq.cc in Sources */,
				774E7042151CF51F00243848 /* eigensystem.cc in Sources */,
				774E7043151CF51F00243848 /* FeLiq.cc in Sources */,
				774E7044151CF51F00243848 /* ModifiedCholesky.cc in Sources */,
				774E7045151CF51F00243848 /* ModifiedNR.cc in Sources */,
				774E7046151CF51F00243848 /* NiLiq.cc in Sources */,
				774E7047151CF51F00243848 /* NumUtil.cc in Sources */,
				774E7048151CF51F00243848 /* O2Gas.cc in Sources */,
				774E7049151CF51F00243848 /* Phase.cc in Sources */,
				774E704A151CF51F00243848 /* PhaseExceptions.cc in Sources */,
				774E704B151CF51F00243848 /* S2Gas.cc in Sources */,
				774E704C151CF51F00243848 /* ShomateIdealGas.cc in Sources */,
				774E704D151CF51F00243848 /* ShomatePhase.cc in Sources */,
				774E704E151CF51F00243848 /* ShomateVinetPhase.cc in Sources */,
				774E704F151CF51F00243848 /* SLiq.cc in Sources */,
				774E7050151CF51F00243848 /* Solution.cc in Sources */,
				774E7051151CF51F00243848 /* SpecSolNID.cc in Sources */,
				774E7052151CF51F00243848 /* SpecSolution.cc in Sources */,
				774E7053151CF51F00243848 /* sulfideLiquid.cc in Sources */,
				774E7054151CF51F00243848 /* SulfLiq.cc in Sources */,
				774E7055151CF51F00243848 /* svDcmp.cc in Sources */,
				774E7056151CF51F00243848 /* svdInv.cc in Sources */,
				774E7057151CF51F00243848 /* svdSolve.cc in Sources */,
				774E7058151CF51F00243848 /* VinetEOS.cc in Sources */,
				774E705A151CF6D500243848 /* recipes.c in Sources */,
			);
			runOnlyForDeploymentPostprocessing = 0;
		};
/* End PBXSourcesBuildPhase section */

/* Begin XCBuildConfiguration section */
		774E7007151CF4E700243848 /* Debug */ = {
			isa = XCBuildConfiguration;
			buildSettings = {
				ALWAYS_SEARCH_USER_PATHS = NO;
				ARCHS = "$(ARCHS_STANDARD_64_BIT)";
				CLANG_ENABLE_OBJC_ARC = YES;
				COPY_PHASE_STRIP = NO;
				GCC_C_LANGUAGE_STANDARD = gnu99;
				GCC_DYNAMIC_NO_PIC = NO;
				GCC_ENABLE_OBJC_EXCEPTIONS = YES;
				GCC_OPTIMIZATION_LEVEL = 0;
				GCC_PREPROCESSOR_DEFINITIONS = (
					"DEBUG=1",
					"$(inherited)",
				);
				GCC_SYMBOLS_PRIVATE_EXTERN = NO;
				GCC_VERSION = com.apple.compilers.llvm.clang.1_0;
				GCC_WARN_64_TO_32_BIT_CONVERSION = YES;
				GCC_WARN_ABOUT_RETURN_TYPE = YES;
				GCC_WARN_UNINITIALIZED_AUTOS = YES;
				GCC_WARN_UNUSED_VARIABLE = YES;
				MACOSX_DEPLOYMENT_TARGET = 10.7;
				ONLY_ACTIVE_ARCH = YES;
				SDKROOT = macosx;
			};
			name = Debug;
		};
		774E7008151CF4E700243848 /* Release */ = {
			isa = XCBuildConfiguration;
			buildSettings = {
				ALWAYS_SEARCH_USER_PATHS = NO;
				ARCHS = "$(ARCHS_STANDARD_64_BIT)";
				CLANG_ENABLE_OBJC_ARC = YES;
				COPY_PHASE_STRIP = YES;
				DEBUG_INFORMATION_FORMAT = "dwarf-with-dsym";
				GCC_C_LANGUAGE_STANDARD = gnu99;
				GCC_ENABLE_OBJC_EXCEPTIONS = YES;
				GCC_VERSION = com.apple.compilers.llvm.clang.1_0;
				GCC_WARN_64_TO_32_BIT_CONVERSION = YES;
				GCC_WARN_ABOUT_RETURN_TYPE = YES;
				GCC_WARN_UNINITIALIZED_AUTOS = YES;
				GCC_WARN_UNUSED_VARIABLE = YES;
				MACOSX_DEPLOYMENT_TARGET = 10.7;
				SDKROOT = macosx;
			};
			name = Release;
		};
		774E700A151CF4E700243848 /* Debug */ = {
			isa = XCBuildConfiguration;
			buildSettings = {
				CLANG_CXX_LANGUAGE_STANDARD = "compiler-default";
				HEADER_SEARCH_PATHS = "../../includes/**";
				OTHER_CPLUSPLUSFLAGS = (
					"$(OTHER_CFLAGS)",
					"-Wno-write-strings",
				);
				PRODUCT_NAME = "$(TARGET_NAME)";
			};
			name = Debug;
		};
		774E700B151CF4E700243848 /* Release */ = {
			isa = XCBuildConfiguration;
			buildSettings = {
				CLANG_CXX_LANGUAGE_STANDARD = "compiler-default";
				HEADER_SEARCH_PATHS = "../../includes/**";
				OTHER_CPLUSPLUSFLAGS = (
					"$(OTHER_CFLAGS)",
					"-Wno-write-strings",
				);
				PRODUCT_NAME = "$(TARGET_NAME)";
			};
			name = Release;
		};
/* End XCBuildConfiguration section */

/* Begin XCConfigurationList section */
		774E6FF9151CF4E600243848 /* Build configuration list for PBXProject "TestSulfideLiquid" */ = {
			isa = XCConfigurationList;
			buildConfigurations = (
				774E7007151CF4E700243848 /* Debug */,
				774E7008151CF4E700243848 /* Release */,
			);
			defaultConfigurationIsVisible = 0;
			defaultConfigurationName = Release;
		};
		774E7009151CF4E700243848 /* Build configuration list for PBXNativeTarget "TestSulfideLiquid" */ = {
			isa = XCConfigurationList;
			buildConfigurations = (
				774E700A151CF4E700243848 /* Debug */,
				774E700B151CF4E700243848 /* Release */,
			);
			defaultConfigurationIsVisible = 0;
		};
/* End XCConfigurationList section */
	};
	rootObject = 774E6FF6151CF4E600243848 /* Project object */;
}
