// !$*UTF8*$!
{
	archiveVersion = 1;
	classes = {
	};
	objectVersion = 46;
	objects = {

/* Begin PBXFileReference section */
		7734D76D1627A90000D67FBB /* acegr_np.h */ = {isa = PBXFileReference; fileEncoding = 4; lastKnownFileType = sourcecode.c.h; path = acegr_np.h; sourceTree = "<group>"; };
		7734D76E1627A90000D67FBB /* calculator_icon.h */ = {isa = PBXFileReference; fileEncoding = 4; lastKnownFileType = sourcecode.c.h; path = calculator_icon.h; sourceTree = "<group>"; };
		7734D76F1627A90000D67FBB /* calibration.h */ = {isa = PBXFileReference; fileEncoding = 4; lastKnownFileType = sourcecode.c.h; path = calibration.h; sourceTree = "<group>"; };
		7734D7701627A90000D67FBB /* graph_icon.h */ = {isa = PBXFileReference; fileEncoding = 4; lastKnownFileType = sourcecode.c.h; path = graph_icon.h; sourceTree = "<group>"; };
		7734D7711627A90000D67FBB /* interface.h */ = {isa = PBXFileReference; fileEncoding = 4; lastKnownFileType = sourcecode.c.h; path = interface.h; sourceTree = "<group>"; };
		7734D7721627A90000D67FBB /* lawson_hanson.h */ = {isa = PBXFileReference; fileEncoding = 4; lastKnownFileType = sourcecode.c.h; path = lawson_hanson.h; sourceTree = "<group>"; };
		7734D7731627A90000D67FBB /* liq_struct_data.h */ = {isa = PBXFileReference; fileEncoding = 4; lastKnownFileType = sourcecode.c.h; path = liq_struct_data.h; sourceTree = "<group>"; };
		7734D7741627A90000D67FBB /* liq_struct_data_MgO_SiO2.h */ = {isa = PBXFileReference; fileEncoding = 4; lastKnownFileType = sourcecode.c.h; path = liq_struct_data_MgO_SiO2.h; sourceTree = "<group>"; };
		7734D7751627A90000D67FBB /* liq_struct_data_SiO2_Al2O3_CaO_Na2O_K2O.h */ = {isa = PBXFileReference; fileEncoding = 4; lastKnownFileType = sourcecode.c.h; path = liq_struct_data_SiO2_Al2O3_CaO_Na2O_K2O.h; sourceTree = "<group>"; };
		7734D7761627A90000D67FBB /* liquid-model.h */ = {isa = PBXFileReference; fileEncoding = 4; lastKnownFileType = sourcecode.c.h; path = "liquid-model.h"; sourceTree = "<group>"; };
		7734D7771627A90000D67FBB /* melts_icon.h */ = {isa = PBXFileReference; fileEncoding = 4; lastKnownFileType = sourcecode.c.h; path = melts_icon.h; sourceTree = "<group>"; };
		7734D7781627A90000D67FBB /* mpi_common.h */ = {isa = PBXFileReference; fileEncoding = 4; lastKnownFileType = sourcecode.c.h; path = mpi_common.h; sourceTree = "<group>"; };
		7734D7791627A90000D67FBB /* mthread.h */ = {isa = PBXFileReference; fileEncoding = 4; lastKnownFileType = sourcecode.c.h; path = mthread.h; sourceTree = "<group>"; };
		7734D77A1627A90000D67FBB /* nash.h */ = {isa = PBXFileReference; fileEncoding = 4; lastKnownFileType = sourcecode.c.h; path = nash.h; sourceTree = "<group>"; };
		7734D77B1627A90000D67FBB /* nepheline.h */ = {isa = PBXFileReference; fileEncoding = 4; lastKnownFileType = sourcecode.c.h; path = nepheline.h; sourceTree = "<group>"; };
		7734D77C1627A90000D67FBB /* param_struct_data.blank */ = {isa = PBXFileReference; fileEncoding = 4; lastKnownFileType = text; path = param_struct_data.blank; sourceTree = "<group>"; };
		7734D77D1627A90000D67FBB /* param_struct_data.h */ = {isa = PBXFileReference; fileEncoding = 4; lastKnownFileType = sourcecode.c.h; path = param_struct_data.h; sourceTree = "<group>"; };
		7734D77E1627A90000D67FBB /* param_struct_data_MgO_SiO2.h */ = {isa = PBXFileReference; fileEncoding = 4; lastKnownFileType = sourcecode.c.h; path = param_struct_data_MgO_SiO2.h; sourceTree = "<group>"; };
		7734D77F1627A90000D67FBB /* param_struct_data_SiO2_Al2O3_CaO_Na2O_K2O.h */ = {isa = PBXFileReference; fileEncoding = 4; lastKnownFileType = sourcecode.c.h; path = param_struct_data_SiO2_Al2O3_CaO_Na2O_K2O.h; sourceTree = "<group>"; };
		7734D7801627A90000D67FBB /* param_struct_data_v34.h */ = {isa = PBXFileReference; fileEncoding = 4; lastKnownFileType = sourcecode.c.h; path = param_struct_data_v34.h; sourceTree = "<group>"; };
		7734D7811627A90000D67FBB /* param_temp.h */ = {isa = PBXFileReference; fileEncoding = 4; lastKnownFileType = sourcecode.c.h; path = param_temp.h; sourceTree = "<group>"; };
		7734D7821627A90000D67FBB /* recipes.h */ = {isa = PBXFileReference; fileEncoding = 4; lastKnownFileType = sourcecode.c.h; path = recipes.h; sourceTree = "<group>"; };
		7734D7831627A90000D67FBB /* res_struct_data.h */ = {isa = PBXFileReference; fileEncoding = 4; lastKnownFileType = sourcecode.c.h; path = res_struct_data.h; sourceTree = "<group>"; };
		7734D7841627A90000D67FBB /* silmin.h */ = {isa = PBXFileReference; fileEncoding = 4; lastKnownFileType = sourcecode.c.h; path = silmin.h; sourceTree = "<group>"; };
		7734D7851627A90000D67FBB /* sol_struct_data.h */ = {isa = PBXFileReference; fileEncoding = 4; lastKnownFileType = sourcecode.c.h; path = sol_struct_data.h; sourceTree = "<group>"; };
		7734D7861627A90000D67FBB /* sol_struct_data_MgO_SiO2.h */ = {isa = PBXFileReference; fileEncoding = 4; lastKnownFileType = sourcecode.c.h; path = sol_struct_data_MgO_SiO2.h; sourceTree = "<group>"; };
		7734D7871627A90000D67FBB /* sol_struct_data_SiO2_Al2O3_CaO_Na2O_K2O.h */ = {isa = PBXFileReference; fileEncoding = 4; lastKnownFileType = sourcecode.c.h; path = sol_struct_data_SiO2_Al2O3_CaO_Na2O_K2O.h; sourceTree = "<group>"; };
		7734D7881627A90000D67FBB /* status.h */ = {isa = PBXFileReference; fileEncoding = 4; lastKnownFileType = sourcecode.c.h; path = status.h; sourceTree = "<group>"; };
		7734D7891627A90000D67FBB /* terminal_icon.h */ = {isa = PBXFileReference; fileEncoding = 4; lastKnownFileType = sourcecode.c.h; path = terminal_icon.h; sourceTree = "<group>"; };
		7734D78A1627A90000D67FBB /* vframe.h */ = {isa = PBXFileReference; fileEncoding = 4; lastKnownFileType = sourcecode.c.h; path = vframe.h; sourceTree = "<group>"; };
		7734D78B1627A90000D67FBB /* vheader.h */ = {isa = PBXFileReference; fileEncoding = 4; lastKnownFileType = sourcecode.c.h; path = vheader.h; sourceTree = "<group>"; };
		7734D78C1627A90000D67FBB /* vlist.h */ = {isa = PBXFileReference; fileEncoding = 4; lastKnownFileType = sourcecode.c.h; path = vlist.h; sourceTree = "<group>"; };
		7734D78D1627A90000D67FBB /* xmgr_icon.h */ = {isa = PBXFileReference; fileEncoding = 4; lastKnownFileType = sourcecode.c.h; path = xmgr_icon.h; sourceTree = "<group>"; };
		7734D7901627A92300D67FBB /* albite.c */ = {isa = PBXFileReference; fileEncoding = 4; lastKnownFileType = sourcecode.c.c; path = albite.c; sourceTree = "<group>"; };
		7734D7911627A92300D67FBB /* alloy-liquid.c */ = {isa = PBXFileReference; fileEncoding = 4; lastKnownFileType = sourcecode.c.c; path = "alloy-liquid.c"; sourceTree = "<group>"; };
		7734D7921627A92300D67FBB /* alloy-solid.c */ = {isa = PBXFileReference; fileEncoding = 4; lastKnownFileType = sourcecode.c.c; path = "alloy-solid.c"; sourceTree = "<group>"; };
		7734D7931627A92300D67FBB /* amphibole.c */ = {isa = PBXFileReference; fileEncoding = 4; lastKnownFileType = sourcecode.c.c; path = amphibole.c; sourceTree = "<group>"; };
		7734D7941627A92300D67FBB /* analyze-fusion.c */ = {isa = PBXFileReference; fileEncoding = 4; lastKnownFileType = sourcecode.c.c; path = "analyze-fusion.c"; sourceTree = "<group>"; };
		7734D7951627A92300D67FBB /* analyze-water.c */ = {isa = PBXFileReference; fileEncoding = 4; lastKnownFileType = sourcecode.c.c; path = "analyze-water.c"; sourceTree = "<group>"; };
		7734D7961627A92300D67FBB /* biotite.c */ = {isa = PBXFileReference; fileEncoding = 4; lastKnownFileType = sourcecode.c.c; path = biotite.c; sourceTree = "<group>"; };
		7734D7971627A92300D67FBB /* button_callbacks.c */ = {isa = PBXFileReference; fileEncoding = 4; lastKnownFileType = sourcecode.c.c; path = button_callbacks.c; sourceTree = "<group>"; };
		7734D7981627A92300D67FBB /* check_coexisting_liquids.c */ = {isa = PBXFileReference; fileEncoding = 4; lastKnownFileType = sourcecode.c.c; path = check_coexisting_liquids.c; sourceTree = "<group>"; };
		7734D7991627A92300D67FBB /* check_coexisting_solids.c */ = {isa = PBXFileReference; fileEncoding = 4; lastKnownFileType = sourcecode.c.c; path = check_coexisting_solids.c; sourceTree = "<group>"; };
		7734D79A1627A92300D67FBB /* clinopyroxene.c */ = {isa = PBXFileReference; fileEncoding = 4; lastKnownFileType = sourcecode.c.c; path = clinopyroxene.c; sourceTree = "<group>"; };
		7734D79B1627A92300D67FBB /* convert-liquid.c */ = {isa = PBXFileReference; fileEncoding = 4; lastKnownFileType = sourcecode.c.c; path = "convert-liquid.c"; sourceTree = "<group>"; };
		7734D79C1627A92300D67FBB /* create_assimilant_padb.c */ = {isa = PBXFileReference; fileEncoding = 4; lastKnownFileType = sourcecode.c.c; path = create_assimilant_padb.c; sourceTree = "<group>"; };
		7734D79D1627A92300D67FBB /* create_managed.c */ = {isa = PBXFileReference; fileEncoding = 4; lastKnownFileType = sourcecode.c.c; path = create_managed.c; sourceTree = "<group>"; };
		7734D79E1627A92300D67FBB /* create_menu_bar.c */ = {isa = PBXFileReference; fileEncoding = 4; lastKnownFileType = sourcecode.c.c; path = create_menu_bar.c; sourceTree = "<group>"; };
		7734D79F1627A92300D67FBB /* create_postclb.c */ = {isa = PBXFileReference; fileEncoding = 4; lastKnownFileType = sourcecode.c.c; path = create_postclb.c; sourceTree = "<group>"; };
		7734D7A01627A92300D67FBB /* create_preclb.c */ = {isa = PBXFileReference; fileEncoding = 4; lastKnownFileType = sourcecode.c.c; path = create_preclb.c; sourceTree = "<group>"; };
		7734D7A11627A92300D67FBB /* create_solid_padb.c */ = {isa = PBXFileReference; fileEncoding = 4; lastKnownFileType = sourcecode.c.c; path = create_solid_padb.c; sourceTree = "<group>"; };
		7734D7A21627A92300D67FBB /* create_tp_padb.c */ = {isa = PBXFileReference; fileEncoding = 4; lastKnownFileType = sourcecode.c.c; path = create_tp_padb.c; sourceTree = "<group>"; };
		7734D7A31627A92300D67FBB /* create_unmanaged.c */ = {isa = PBXFileReference; fileEncoding = 4; lastKnownFileType = sourcecode.c.c; path = create_unmanaged.c; sourceTree = "<group>"; };
		7734D7A41627A92300D67FBB /* create_xy_plot_padb.c */ = {isa = PBXFileReference; fileEncoding = 4; lastKnownFileType = sourcecode.c.c; path = create_xy_plot_padb.c; sourceTree = "<group>"; };
		7734D7A51627A92300D67FBB /* cummingtonite.c */ = {isa = PBXFileReference; fileEncoding = 4; lastKnownFileType = sourcecode.c.c; path = cummingtonite.c; sourceTree = "<group>"; };
		7734D7A61627A92300D67FBB /* debugMainLoop.c */ = {isa = PBXFileReference; fileEncoding = 4; lastKnownFileType = sourcecode.c.c; path = debugMainLoop.c; sourceTree = "<group>"; };
		7734D7A71627A92300D67FBB /* duan.c */ = {isa = PBXFileReference; fileEncoding = 4; lastKnownFileType = sourcecode.c.c; path = duan.c; sourceTree = "<group>"; };
		7734D7A81627A92300D67FBB /* entropy_reg.c */ = {isa = PBXFileReference; fileEncoding = 4; lastKnownFileType = sourcecode.c.c; path = entropy_reg.c; sourceTree = "<group>"; };
		7734D7A91627A92300D67FBB /* EOS-comparsion.c */ = {isa = PBXFileReference; fileEncoding = 4; lastKnownFileType = sourcecode.c.c; path = "EOS-comparsion.c"; sourceTree = "<group>"; };
		7734D7AA1627A92300D67FBB /* equality_constraints.c */ = {isa = PBXFileReference; fileEncoding = 4; lastKnownFileType = sourcecode.c.c; path = equality_constraints.c; sourceTree = "<group>"; };
		7734D7AB1627A92300D67FBB /* est_satState_revised.c */ = {isa = PBXFileReference; fileEncoding = 4; lastKnownFileType = sourcecode.c.c; path = est_satState_revised.c; sourceTree = "<group>"; };
		7734D7AC1627A92300D67FBB /* est_saturation_state.c */ = {isa = PBXFileReference; fileEncoding = 4; lastKnownFileType = sourcecode.c.c; path = est_saturation_state.c; sourceTree = "<group>"; };
		7734D7AD1627A92300D67FBB /* evaluate_saturation.c */ = {isa = PBXFileReference; fileEncoding = 4; lastKnownFileType = sourcecode.c.c; path = evaluate_saturation.c; sourceTree = "<group>"; };
		7734D7AE1627A92300D67FBB /* feldspar.c */ = {isa = PBXFileReference; fileEncoding = 4; lastKnownFileType = sourcecode.c.c; path = feldspar.c; sourceTree = "<group>"; };
		7734D7AF1627A92300D67FBB /* fluid-pk.c */ = {isa = PBXFileReference; fileEncoding = 4; lastKnownFileType = sourcecode.c.c; path = "fluid-pk.c"; sourceTree = "<group>"; };
		7734D7B01627A92300D67FBB /* fluid.c */ = {isa = PBXFileReference; fileEncoding = 4; lastKnownFileType = sourcecode.c.c; path = fluid.c; sourceTree = "<group>"; };
		7734D7B11627A92300D67FBB /* frac.c */ = {isa = PBXFileReference; fileEncoding = 4; lastKnownFileType = sourcecode.c.c; path = frac.c; sourceTree = "<group>"; };
		7734D7B21627A92300D67FBB /* garnet.c */ = {isa = PBXFileReference; fileEncoding = 4; lastKnownFileType = sourcecode.c.c; path = garnet.c; sourceTree = "<group>"; };
		7734D7B31627A92300D67FBB /* gibbs.c */ = {isa = PBXFileReference; fileEncoding = 4; lastKnownFileType = sourcecode.c.c; path = gibbs.c; sourceTree = "<group>"; };
		7734D7B41627A92300D67FBB /* gradient_hessian.c */ = {isa = PBXFileReference; fileEncoding = 4; lastKnownFileType = sourcecode.c.c; path = gradient_hessian.c; sourceTree = "<group>"; };
		7734D7B51627A92300D67FBB /* Guil-driver.c */ = {isa = PBXFileReference; fileEncoding = 4; lastKnownFileType = sourcecode.c.c; path = "Guil-driver.c"; sourceTree = "<group>"; };
		7734D7B61627A92300D67FBB /* Guil-error.c */ = {isa = PBXFileReference; fileEncoding = 4; lastKnownFileType = sourcecode.c.c; path = "Guil-error.c"; sourceTree = "<group>"; };
		7734D7B71627A92300D67FBB /* hornblende.c */ = {isa = PBXFileReference; fileEncoding = 4; lastKnownFileType = sourcecode.c.c; path = hornblende.c; sourceTree = "<group>"; };
		7734D7B81627A92300D67FBB /* ilmenite.c */ = {isa = PBXFileReference; fileEncoding = 4; lastKnownFileType = sourcecode.c.c; path = ilmenite.c; sourceTree = "<group>"; };
		7734D7B91627A92300D67FBB /* initialize_colors.c */ = {isa = PBXFileReference; fileEncoding = 4; lastKnownFileType = sourcecode.c.c; path = initialize_colors.c; sourceTree = "<group>"; };
		7734D7BA1627A92300D67FBB /* initialize_strings.c */ = {isa = PBXFileReference; fileEncoding = 4; lastKnownFileType = sourcecode.c.c; path = initialize_strings.c; sourceTree = "<group>"; };
		7734D7BB1627A92300D67FBB /* interface.c */ = {isa = PBXFileReference; fileEncoding = 4; lastKnownFileType = sourcecode.c.c; path = interface.c; sourceTree = "<group>"; };
		7734D7BC1627A92300D67FBB /* kalsilite.c */ = {isa = PBXFileReference; fileEncoding = 4; lastKnownFileType = sourcecode.c.c; path = kalsilite.c; sourceTree = "<group>"; };
		7734D7BD1627A92300D67FBB /* kevin.c */ = {isa = PBXFileReference; fileEncoding = 4; lastKnownFileType = sourcecode.c.c; path = kevin.c; sourceTree = "<group>"; };
		7734D7BE1627A92300D67FBB /* kevin.cc */ = {isa = PBXFileReference; fileEncoding = 4; lastKnownFileType = sourcecode.cpp.cpp; path = kevin.cc; sourceTree = "<group>"; };
		7734D7BF1627A92300D67FBB /* kevin_data.c */ = {isa = PBXFileReference; fileEncoding = 4; lastKnownFileType = sourcecode.c.c; path = kevin_data.c; sourceTree = "<group>"; };
		7734D7C01627A92300D67FBB /* kevin_slave.cc */ = {isa = PBXFileReference; fileEncoding = 4; lastKnownFileType = sourcecode.cpp.cpp; path = kevin_slave.cc; sourceTree = "<group>"; };
		7734D7C11627A92300D67FBB /* lawson_hanson.c */ = {isa = PBXFileReference; fileEncoding = 4; lastKnownFileType = sourcecode.c.c; path = lawson_hanson.c; sourceTree = "<group>"; };
		7734D7C21627A92300D67FBB /* leucite.c */ = {isa = PBXFileReference; fileEncoding = 4; lastKnownFileType = sourcecode.c.c; path = leucite.c; sourceTree = "<group>"; };
		7734D7C31627A92300D67FBB /* library.c */ = {isa = PBXFileReference; fileEncoding = 4; lastKnownFileType = sourcecode.c.c; path = library.c; sourceTree = "<group>"; };
		7734D7C41627A92300D67FBB /* linAndPelton.c */ = {isa = PBXFileReference; fileEncoding = 4; lastKnownFileType = sourcecode.c.c; path = linAndPelton.c; sourceTree = "<group>"; };
		7734D7C51627A92300D67FBB /* linear_search.c */ = {isa = PBXFileReference; fileEncoding = 4; lastKnownFileType = sourcecode.c.c; path = linear_search.c; sourceTree = "<group>"; };
		7734D7C61627A92300D67FBB /* liquid+newCO2.c */ = {isa = PBXFileReference; fileEncoding = 4; lastKnownFileType = sourcecode.c.c; path = "liquid+newCO2.c"; sourceTree = "<group>"; };
		7734D7C71627A92300D67FBB /* liquid.c */ = {isa = PBXFileReference; fileEncoding = 4; lastKnownFileType = sourcecode.c.c; path = liquid.c; sourceTree = "<group>"; };
		7734D7C81627A92300D67FBB /* liquid_v34.c */ = {isa = PBXFileReference; fileEncoding = 4; lastKnownFileType = sourcecode.c.c; path = liquid_v34.c; sourceTree = "<group>"; };
		7734D7C91627A92300D67FBB /* liquidus.c */ = {isa = PBXFileReference; fileEncoding = 4; lastKnownFileType = sourcecode.c.c; path = liquidus.c; sourceTree = "<group>"; };
		7734D7CA1627A92300D67FBB /* majorite.c */ = {isa = PBXFileReference; fileEncoding = 4; lastKnownFileType = sourcecode.c.c; path = majorite.c; sourceTree = "<group>"; };
		7734D7CB1627A92300D67FBB /* make-liquid-model.c */ = {isa = PBXFileReference; fileEncoding = 4; lastKnownFileType = sourcecode.c.c; path = "make-liquid-model.c"; sourceTree = "<group>"; };
		7734D7CC1627A92300D67FBB /* make_species_map.c */ = {isa = PBXFileReference; fileEncoding = 4; lastKnownFileType = sourcecode.c.c; path = make_species_map.c; sourceTree = "<group>"; };
		7734D7CD1627A92300D67FBB /* marc.c */ = {isa = PBXFileReference; fileEncoding = 4; lastKnownFileType = sourcecode.c.c; path = marc.c; sourceTree = "<group>"; };
		7734D7CE1627A92300D67FBB /* melilite.c */ = {isa = PBXFileReference; fileEncoding = 4; lastKnownFileType = sourcecode.c.c; path = melilite.c; sourceTree = "<group>"; };
		7734D7CF1627A92300D67FBB /* melts.icon */ = {isa = PBXFileReference; fileEncoding = 4; lastKnownFileType = text; path = melts.icon; sourceTree = "<group>"; };
		7734D7D01627A92300D67FBB /* melts_support.c */ = {isa = PBXFileReference; fileEncoding = 4; lastKnownFileType = sourcecode.c.c; path = melts_support.c; sourceTree = "<group>"; };
		7734D7D11627A92300D67FBB /* melts_threads.c */ = {isa = PBXFileReference; fileEncoding = 4; lastKnownFileType = sourcecode.c.c; path = melts_threads.c; sourceTree = "<group>"; };
		7734D7D21627A92300D67FBB /* mpi_master.c */ = {isa = PBXFileReference; fileEncoding = 4; lastKnownFileType = sourcecode.c.c; path = mpi_master.c; sourceTree = "<group>"; };
		7734D7D31627A92300D67FBB /* mpi_slave.c */ = {isa = PBXFileReference; fileEncoding = 4; lastKnownFileType = sourcecode.c.c; path = mpi_slave.c; sourceTree = "<group>"; };
		7734D7D41627A92300D67FBB /* mthread.c */ = {isa = PBXFileReference; fileEncoding = 4; lastKnownFileType = sourcecode.c.c; path = mthread.c; sourceTree = "<group>"; };
		7734D7D51627A92300D67FBB /* nash.c */ = {isa = PBXFileReference; fileEncoding = 4; lastKnownFileType = sourcecode.c.c; path = nash.c; sourceTree = "<group>"; };
		7734D7D61627A92300D67FBB /* nepheline.c */ = {isa = PBXFileReference; fileEncoding = 4; lastKnownFileType = sourcecode.c.c; path = nepheline.c; sourceTree = "<group>"; };
		7734D7D71627A92300D67FBB /* olivine-sx.c */ = {isa = PBXFileReference; fileEncoding = 4; lastKnownFileType = sourcecode.c.c; path = "olivine-sx.c"; sourceTree = "<group>"; };
		7734D7D81627A92300D67FBB /* olivine.c */ = {isa = PBXFileReference; fileEncoding = 4; lastKnownFileType = sourcecode.c.c; path = olivine.c; sourceTree = "<group>"; };
		7734D7D91627A92300D67FBB /* ortho-oxide.c */ = {isa = PBXFileReference; fileEncoding = 4; lastKnownFileType = sourcecode.c.c; path = "ortho-oxide.c"; sourceTree = "<group>"; };
		7734D7DA1627A92300D67FBB /* orthopyroxene.c */ = {isa = PBXFileReference; fileEncoding = 4; lastKnownFileType = sourcecode.c.c; path = orthopyroxene.c; sourceTree = "<group>"; };
		7734D7DB1627A92300D67FBB /* perovskite.c */ = {isa = PBXFileReference; fileEncoding = 4; lastKnownFileType = sourcecode.c.c; path = perovskite.c; sourceTree = "<group>"; };
		7734D7DC1627A92300D67FBB /* postclb.c */ = {isa = PBXFileReference; fileEncoding = 4; lastKnownFileType = sourcecode.c.c; path = postclb.c; sourceTree = "<group>"; };
		7734D7DD1627A92300D67FBB /* preclb-public.c */ = {isa = PBXFileReference; fileEncoding = 4; lastKnownFileType = sourcecode.c.c; path = "preclb-public.c"; sourceTree = "<group>"; };
		7734D7DE1627A92300D67FBB /* preclb.c */ = {isa = PBXFileReference; fileEncoding = 4; lastKnownFileType = sourcecode.c.c; path = preclb.c; sourceTree = "<group>"; };
		7734D7DF1627A92300D67FBB /* preclb_slave.c */ = {isa = PBXFileReference; fileEncoding = 4; lastKnownFileType = sourcecode.c.c; path = preclb_slave.c; sourceTree = "<group>"; };
		7734D7E01627A92300D67FBB /* read_write.c */ = {isa = PBXFileReference; fileEncoding = 4; lastKnownFileType = sourcecode.c.c; path = read_write.c; sourceTree = "<group>"; };
		7734D7E11627A92300D67FBB /* recipes.c */ = {isa = PBXFileReference; fileEncoding = 4; lastKnownFileType = sourcecode.c.c; path = recipes.c; sourceTree = "<group>"; };
		7734D7E21627A92300D67FBB /* refit-vinet.c */ = {isa = PBXFileReference; fileEncoding = 4; lastKnownFileType = sourcecode.c.c; path = "refit-vinet.c"; sourceTree = "<group>"; };
		7734D7E31627A92300D67FBB /* rhombohedral.c */ = {isa = PBXFileReference; fileEncoding = 4; lastKnownFileType = sourcecode.c.c; path = rhombohedral.c; sourceTree = "<group>"; };
		7734D7E41627A92300D67FBB /* rhomsghiorso.c */ = {isa = PBXFileReference; fileEncoding = 4; lastKnownFileType = sourcecode.c.c; path = rhomsghiorso.c; sourceTree = "<group>"; };
		7734D7E51627A92300D67FBB /* ringwoodite.c */ = {isa = PBXFileReference; fileEncoding = 4; lastKnownFileType = sourcecode.c.c; path = ringwoodite.c; sourceTree = "<group>"; };
		7734D7E61627A92300D67FBB /* silmin.c */ = {isa = PBXFileReference; fileEncoding = 4; lastKnownFileType = sourcecode.c.c; path = silmin.c; sourceTree = "<group>"; };
		7734D7E71627A92300D67FBB /* silmin_support.c */ = {isa = PBXFileReference; fileEncoding = 4; lastKnownFileType = sourcecode.c.c; path = silmin_support.c; sourceTree = "<group>"; };
		7734D7E81627A92300D67FBB /* simann.c */ = {isa = PBXFileReference; fileEncoding = 4; lastKnownFileType = sourcecode.c.c; path = simann.c; sourceTree = "<group>"; };
		7734D7E91627A92300D67FBB /* simann.f */ = {isa = PBXFileReference; fileEncoding = 4; lastKnownFileType = sourcecode.fortran; path = simann.f; sourceTree = "<group>"; };
		7734D7EA1627A92300D67FBB /* spinel.c */ = {isa = PBXFileReference; fileEncoding = 4; lastKnownFileType = sourcecode.c.c; path = spinel.c; sourceTree = "<group>"; };
		7734D7EB1627A92300D67FBB /* subSolidusMuO2.c */ = {isa = PBXFileReference; fileEncoding = 4; lastKnownFileType = sourcecode.c.c; path = subSolidusMuO2.c; sourceTree = "<group>"; };
		7734D7EC1627A92300D67FBB /* test.c */ = {isa = PBXFileReference; fileEncoding = 4; lastKnownFileType = sourcecode.c.c; path = test.c; sourceTree = "<group>"; };
		7734D7ED1627A92300D67FBB /* test_a-x_relations.c */ = {isa = PBXFileReference; fileEncoding = 4; lastKnownFileType = sourcecode.c.c; path = "test_a-x_relations.c"; sourceTree = "<group>"; };
		7734D7EE1627A92300D67FBB /* test_commandLib.c */ = {isa = PBXFileReference; fileEncoding = 4; lastKnownFileType = sourcecode.c.c; path = test_commandLib.c; sourceTree = "<group>"; };
		7734D7EF1627A92300D67FBB /* test_convKressFit.c */ = {isa = PBXFileReference; fileEncoding = 4; lastKnownFileType = sourcecode.c.c; path = test_convKressFit.c; sourceTree = "<group>"; };
		7734D7F01627A92300D67FBB /* test_database.c */ = {isa = PBXFileReference; fileEncoding = 4; lastKnownFileType = sourcecode.c.c; path = test_database.c; sourceTree = "<group>"; };
		7734D7F11627A92300D67FBB /* test_dn2gb.c */ = {isa = PBXFileReference; fileEncoding = 4; lastKnownFileType = sourcecode.c.c; path = test_dn2gb.c; sourceTree = "<group>"; };
		7734D7F21627A92300D67FBB /* test_dynamicLib.f */ = {isa = PBXFileReference; fileEncoding = 4; lastKnownFileType = sourcecode.fortran; path = test_dynamicLib.f; sourceTree = "<group>"; };
		7734D7F31627A92300D67FBB /* test_entropy.c */ = {isa = PBXFileReference; fileEncoding = 4; lastKnownFileType = sourcecode.c.c; path = test_entropy.c; sourceTree = "<group>"; };
		7734D7F41627A92300D67FBB /* test_eos.c */ = {isa = PBXFileReference; fileEncoding = 4; lastKnownFileType = sourcecode.c.c; path = test_eos.c; sourceTree = "<group>"; };
		7734D7F51627A92300D67FBB /* test_fo2.c */ = {isa = PBXFileReference; fileEncoding = 4; lastKnownFileType = sourcecode.c.c; path = test_fo2.c; sourceTree = "<group>"; };
		7734D7F61627A92300D67FBB /* test_garnet.c */ = {isa = PBXFileReference; fileEncoding = 4; lastKnownFileType = sourcecode.c.c; path = test_garnet.c; sourceTree = "<group>"; };
		7734D7F71627A92300D67FBB /* test_gibbs.c */ = {isa = PBXFileReference; fileEncoding = 4; lastKnownFileType = sourcecode.c.c; path = test_gibbs.c; sourceTree = "<group>"; };
		7734D7F81627A92300D67FBB /* test_liquid.c */ = {isa = PBXFileReference; fileEncoding = 4; lastKnownFileType = sourcecode.c.c; path = test_liquid.c; sourceTree = "<group>"; };
		7734D7F91627A92300D67FBB /* test_SACNK.c */ = {isa = PBXFileReference; fileEncoding = 4; lastKnownFileType = sourcecode.c.c; path = test_SACNK.c; sourceTree = "<group>"; };
		7734D7FA1627A92300D67FBB /* test_SAK.c */ = {isa = PBXFileReference; fileEncoding = 4; lastKnownFileType = sourcecode.c.c; path = test_SAK.c; sourceTree = "<group>"; };
		7734D7FB1627A92300D67FBB /* test_simann.c */ = {isa = PBXFileReference; fileEncoding = 4; lastKnownFileType = sourcecode.c.c; path = test_simann.c; sourceTree = "<group>"; };
		7734D7FC1627A92300D67FBB /* test_speciation.c */ = {isa = PBXFileReference; fileEncoding = 4; lastKnownFileType = sourcecode.c.c; path = test_speciation.c; sourceTree = "<group>"; };
		7734D7FD1627A92300D67FBB /* vframe.c */ = {isa = PBXFileReference; fileEncoding = 4; lastKnownFileType = sourcecode.c.c; path = vframe.c; sourceTree = "<group>"; };
		7734D7FE1627A92300D67FBB /* vheader.c */ = {isa = PBXFileReference; fileEncoding = 4; lastKnownFileType = sourcecode.c.c; path = vheader.c; sourceTree = "<group>"; };
		7734D7FF1627A92300D67FBB /* vlist.c */ = {isa = PBXFileReference; fileEncoding = 4; lastKnownFileType = sourcecode.c.c; path = vlist.c; sourceTree = "<group>"; };
		7734D8001627A92300D67FBB /* wadsleyite.c */ = {isa = PBXFileReference; fileEncoding = 4; lastKnownFileType = sourcecode.c.c; path = wadsleyite.c; sourceTree = "<group>"; };
		7734D8011627A92300D67FBB /* water-pk.c */ = {isa = PBXFileReference; fileEncoding = 4; lastKnownFileType = sourcecode.c.c; path = "water-pk.c"; sourceTree = "<group>"; };
		7734D8021627A92300D67FBB /* water.c */ = {isa = PBXFileReference; fileEncoding = 4; lastKnownFileType = sourcecode.c.c; path = water.c; sourceTree = "<group>"; };
		7734D8031627A92300D67FBB /* wustite.c */ = {isa = PBXFileReference; fileEncoding = 4; lastKnownFileType = sourcecode.c.c; path = wustite.c; sourceTree = "<group>"; };
		7734D8041627A94500D67FBB /* Makefile.common */ = {isa = PBXFileReference; fileEncoding = 4; lastKnownFileType = text; path = Makefile.common; sourceTree = "<group>"; };
		7734D8051627A94500D67FBB /* Makefile.ML */ = {isa = PBXFileReference; fileEncoding = 4; lastKnownFileType = text; path = Makefile.ML; sourceTree = "<group>"; };
/* End PBXFileReference section */

/* Begin PBXGroup section */
		7734D76C1627A90000D67FBB /* includes */ = {
			isa = PBXGroup;
			children = (
				7734D76D1627A90000D67FBB /* acegr_np.h */,
				7734D76E1627A90000D67FBB /* calculator_icon.h */,
				7734D76F1627A90000D67FBB /* calibration.h */,
				7734D7701627A90000D67FBB /* graph_icon.h */,
				7734D7711627A90000D67FBB /* interface.h */,
				7734D7721627A90000D67FBB /* lawson_hanson.h */,
				7734D7731627A90000D67FBB /* liq_struct_data.h */,
				7734D7741627A90000D67FBB /* liq_struct_data_MgO_SiO2.h */,
				7734D7751627A90000D67FBB /* liq_struct_data_SiO2_Al2O3_CaO_Na2O_K2O.h */,
				7734D7761627A90000D67FBB /* liquid-model.h */,
				7734D7771627A90000D67FBB /* melts_icon.h */,
				7734D7781627A90000D67FBB /* mpi_common.h */,
				7734D7791627A90000D67FBB /* mthread.h */,
				7734D77A1627A90000D67FBB /* nash.h */,
				7734D77B1627A90000D67FBB /* nepheline.h */,
				7734D77C1627A90000D67FBB /* param_struct_data.blank */,
				7734D77D1627A90000D67FBB /* param_struct_data.h */,
				7734D77E1627A90000D67FBB /* param_struct_data_MgO_SiO2.h */,
				7734D77F1627A90000D67FBB /* param_struct_data_SiO2_Al2O3_CaO_Na2O_K2O.h */,
				7734D7801627A90000D67FBB /* param_struct_data_v34.h */,
				7734D7811627A90000D67FBB /* param_temp.h */,
				7734D7821627A90000D67FBB /* recipes.h */,
				7734D7831627A90000D67FBB /* res_struct_data.h */,
				7734D7841627A90000D67FBB /* silmin.h */,
				7734D7851627A90000D67FBB /* sol_struct_data.h */,
				7734D7861627A90000D67FBB /* sol_struct_data_MgO_SiO2.h */,
				7734D7871627A90000D67FBB /* sol_struct_data_SiO2_Al2O3_CaO_Na2O_K2O.h */,
				7734D7881627A90000D67FBB /* status.h */,
				7734D7891627A90000D67FBB /* terminal_icon.h */,
				7734D78A1627A90000D67FBB /* vframe.h */,
				7734D78B1627A90000D67FBB /* vheader.h */,
				7734D78C1627A90000D67FBB /* vlist.h */,
				7734D78D1627A90000D67FBB /* xmgr_icon.h */,
			);
			path = includes;
			sourceTree = "<group>";
		};
		7734D78F1627A92300D67FBB /* sources */ = {
			isa = PBXGroup;
			children = (
				7734D7901627A92300D67FBB /* albite.c */,
				7734D7911627A92300D67FBB /* alloy-liquid.c */,
				7734D7921627A92300D67FBB /* alloy-solid.c */,
				7734D7931627A92300D67FBB /* amphibole.c */,
				7734D7941627A92300D67FBB /* analyze-fusion.c */,
				7734D7951627A92300D67FBB /* analyze-water.c */,
				7734D7961627A92300D67FBB /* biotite.c */,
				7734D7971627A92300D67FBB /* button_callbacks.c */,
				7734D7981627A92300D67FBB /* check_coexisting_liquids.c */,
				7734D7991627A92300D67FBB /* check_coexisting_solids.c */,
				7734D79A1627A92300D67FBB /* clinopyroxene.c */,
				7734D79B1627A92300D67FBB /* convert-liquid.c */,
				7734D79C1627A92300D67FBB /* create_assimilant_padb.c */,
				7734D79D1627A92300D67FBB /* create_managed.c */,
				7734D79E1627A92300D67FBB /* create_menu_bar.c */,
				7734D79F1627A92300D67FBB /* create_postclb.c */,
				7734D7A01627A92300D67FBB /* create_preclb.c */,
				7734D7A11627A92300D67FBB /* create_solid_padb.c */,
				7734D7A21627A92300D67FBB /* create_tp_padb.c */,
				7734D7A31627A92300D67FBB /* create_unmanaged.c */,
				7734D7A41627A92300D67FBB /* create_xy_plot_padb.c */,
				7734D7A51627A92300D67FBB /* cummingtonite.c */,
				7734D7A61627A92300D67FBB /* debugMainLoop.c */,
				7734D7A71627A92300D67FBB /* duan.c */,
				7734D7A81627A92300D67FBB /* entropy_reg.c */,
				7734D7A91627A92300D67FBB /* EOS-comparsion.c */,
				7734D7AA1627A92300D67FBB /* equality_constraints.c */,
				7734D7AB1627A92300D67FBB /* est_satState_revised.c */,
				7734D7AC1627A92300D67FBB /* est_saturation_state.c */,
				7734D7AD1627A92300D67FBB /* evaluate_saturation.c */,
				7734D7AE1627A92300D67FBB /* feldspar.c */,
				7734D7AF1627A92300D67FBB /* fluid-pk.c */,
				7734D7B01627A92300D67FBB /* fluid.c */,
				7734D7B11627A92300D67FBB /* frac.c */,
				7734D7B21627A92300D67FBB /* garnet.c */,
				7734D7B31627A92300D67FBB /* gibbs.c */,
				7734D7B41627A92300D67FBB /* gradient_hessian.c */,
				7734D7B51627A92300D67FBB /* Guil-driver.c */,
				7734D7B61627A92300D67FBB /* Guil-error.c */,
				7734D7B71627A92300D67FBB /* hornblende.c */,
				7734D7B81627A92300D67FBB /* ilmenite.c */,
				7734D7B91627A92300D67FBB /* initialize_colors.c */,
				7734D7BA1627A92300D67FBB /* initialize_strings.c */,
				7734D7BB1627A92300D67FBB /* interface.c */,
				7734D7BC1627A92300D67FBB /* kalsilite.c */,
				7734D7BD1627A92300D67FBB /* kevin.c */,
				7734D7BE1627A92300D67FBB /* kevin.cc */,
				7734D7BF1627A92300D67FBB /* kevin_data.c */,
				7734D7C01627A92300D67FBB /* kevin_slave.cc */,
				7734D7C11627A92300D67FBB /* lawson_hanson.c */,
				7734D7C21627A92300D67FBB /* leucite.c */,
				7734D7C31627A92300D67FBB /* library.c */,
				7734D7C41627A92300D67FBB /* linAndPelton.c */,
				7734D7C51627A92300D67FBB /* linear_search.c */,
				7734D7C61627A92300D67FBB /* liquid+newCO2.c */,
				7734D7C71627A92300D67FBB /* liquid.c */,
				7734D7C81627A92300D67FBB /* liquid_v34.c */,
				7734D7C91627A92300D67FBB /* liquidus.c */,
				7734D7CA1627A92300D67FBB /* majorite.c */,
				7734D7CB1627A92300D67FBB /* make-liquid-model.c */,
				7734D7CC1627A92300D67FBB /* make_species_map.c */,
				7734D7CD1627A92300D67FBB /* marc.c */,
				7734D7CE1627A92300D67FBB /* melilite.c */,
				7734D7CF1627A92300D67FBB /* melts.icon */,
				7734D7D01627A92300D67FBB /* melts_support.c */,
				7734D7D11627A92300D67FBB /* melts_threads.c */,
				7734D7D21627A92300D67FBB /* mpi_master.c */,
				7734D7D31627A92300D67FBB /* mpi_slave.c */,
				7734D7D41627A92300D67FBB /* mthread.c */,
				7734D7D51627A92300D67FBB /* nash.c */,
				7734D7D61627A92300D67FBB /* nepheline.c */,
				7734D7D71627A92300D67FBB /* olivine-sx.c */,
				7734D7D81627A92300D67FBB /* olivine.c */,
				7734D7D91627A92300D67FBB /* ortho-oxide.c */,
				7734D7DA1627A92300D67FBB /* orthopyroxene.c */,
				7734D7DB1627A92300D67FBB /* perovskite.c */,
				7734D7DC1627A92300D67FBB /* postclb.c */,
				7734D7DD1627A92300D67FBB /* preclb-public.c */,
				7734D7DE1627A92300D67FBB /* preclb.c */,
				7734D7DF1627A92300D67FBB /* preclb_slave.c */,
				7734D7E01627A92300D67FBB /* read_write.c */,
				7734D7E11627A92300D67FBB /* recipes.c */,
				7734D7E21627A92300D67FBB /* refit-vinet.c */,
				7734D7E31627A92300D67FBB /* rhombohedral.c */,
				7734D7E41627A92300D67FBB /* rhomsghiorso.c */,
				7734D7E51627A92300D67FBB /* ringwoodite.c */,
				7734D7E61627A92300D67FBB /* silmin.c */,
				7734D7E71627A92300D67FBB /* silmin_support.c */,
				7734D7E81627A92300D67FBB /* simann.c */,
				7734D7E91627A92300D67FBB /* simann.f */,
				7734D7EA1627A92300D67FBB /* spinel.c */,
				7734D7EB1627A92300D67FBB /* subSolidusMuO2.c */,
				7734D7EC1627A92300D67FBB /* test.c */,
				7734D7ED1627A92300D67FBB /* test_a-x_relations.c */,
				7734D7EE1627A92300D67FBB /* test_commandLib.c */,
				7734D7EF1627A92300D67FBB /* test_convKressFit.c */,
				7734D7F01627A92300D67FBB /* test_database.c */,
				7734D7F11627A92300D67FBB /* test_dn2gb.c */,
				7734D7F21627A92300D67FBB /* test_dynamicLib.f */,
				7734D7F31627A92300D67FBB /* test_entropy.c */,
				7734D7F41627A92300D67FBB /* test_eos.c */,
				7734D7F51627A92300D67FBB /* test_fo2.c */,
				7734D7F61627A92300D67FBB /* test_garnet.c */,
				7734D7F71627A92300D67FBB /* test_gibbs.c */,
				7734D7F81627A92300D67FBB /* test_liquid.c */,
				7734D7F91627A92300D67FBB /* test_SACNK.c */,
				7734D7FA1627A92300D67FBB /* test_SAK.c */,
				7734D7FB1627A92300D67FBB /* test_simann.c */,
				7734D7FC1627A92300D67FBB /* test_speciation.c */,
				7734D7FD1627A92300D67FBB /* vframe.c */,
				7734D7FE1627A92300D67FBB /* vheader.c */,
				7734D7FF1627A92300D67FBB /* vlist.c */,
				7734D8001627A92300D67FBB /* wadsleyite.c */,
				7734D8011627A92300D67FBB /* water-pk.c */,
				7734D8021627A92300D67FBB /* water.c */,
				7734D8031627A92300D67FBB /* wustite.c */,
			);
			path = sources;
			sourceTree = "<group>";
		};
		77B68D411627A64800C6296F = {
			isa = PBXGroup;
			children = (
				7734D8041627A94500D67FBB /* Makefile.common */,
				7734D8051627A94500D67FBB /* Makefile.ML */,
				7734D78F1627A92300D67FBB /* sources */,
				7734D76C1627A90000D67FBB /* includes */,
			);
			sourceTree = "<group>";
		};
/* End PBXGroup section */

/* Begin PBXLegacyTarget section */
		77B68D481627A64800C6296F /* MELTS */ = {
			isa = PBXLegacyTarget;
			buildArgumentsString = "$(ACTION)";
			buildConfigurationList = 77B68D4B1627A64800C6296F /* Build configuration list for PBXLegacyTarget "MELTS" */;
			buildPhases = (
			);
			buildToolPath = /usr/bin/make;
			dependencies = (
			);
			name = MELTS;
			passBuildSettingsInEnvironment = 1;
			productName = MELTS;
		};
/* End PBXLegacyTarget section */

/* Begin PBXProject section */
		77B68D431627A64800C6296F /* Project object */ = {
			isa = PBXProject;
			attributes = {
				LastUpgradeCheck = 0450;
				ORGANIZATIONNAME = "Mark Ghiorso";
			};
			buildConfigurationList = 77B68D461627A64800C6296F /* Build configuration list for PBXProject "MELTS" */;
			compatibilityVersion = "Xcode 3.2";
			developmentRegion = English;
			hasScannedForEncodings = 0;
			knownRegions = (
				en,
			);
			mainGroup = 77B68D411627A64800C6296F;
			projectDirPath = "";
			projectRoot = "";
			targets = (
				77B68D481627A64800C6296F /* MELTS */,
			);
		};
/* End PBXProject section */

/* Begin XCBuildConfiguration section */
		77B68D491627A64800C6296F /* Debug */ = {
			isa = XCBuildConfiguration;
			buildSettings = {
				ALWAYS_SEARCH_USER_PATHS = NO;
				ARCHS = "$(ARCHS_STANDARD_64_BIT)";
				CLANG_CXX_LANGUAGE_STANDARD = "gnu++0x";
				CLANG_CXX_LIBRARY = "libc++";
				CLANG_WARN_EMPTY_BODY = YES;
				CLANG_WARN__DUPLICATE_METHOD_MATCH = YES;
				COPY_PHASE_STRIP = NO;
				GCC_C_LANGUAGE_STANDARD = gnu99;
				GCC_DYNAMIC_NO_PIC = NO;
				GCC_ENABLE_OBJC_EXCEPTIONS = YES;
				GCC_OPTIMIZATION_LEVEL = 0;
				GCC_PREPROCESSOR_DEFINITIONS = (
					"DEBUG=1",
					"$(inherited)",
				);
				GCC_SYMBOLS_PRIVATE_EXTERN = NO;
				GCC_WARN_64_TO_32_BIT_CONVERSION = YES;
				GCC_WARN_ABOUT_RETURN_TYPE = YES;
				GCC_WARN_UNINITIALIZED_AUTOS = YES;
				GCC_WARN_UNUSED_VARIABLE = YES;
				MACOSX_DEPLOYMENT_TARGET = 10.8;
				ONLY_ACTIVE_ARCH = YES;
				SDKROOT = macosx;
			};
			name = Debug;
		};
		77B68D4A1627A64800C6296F /* Release */ = {
			isa = XCBuildConfiguration;
			buildSettings = {
				ALWAYS_SEARCH_USER_PATHS = NO;
				ARCHS = "$(ARCHS_STANDARD_64_BIT)";
				CLANG_CXX_LANGUAGE_STANDARD = "gnu++0x";
				CLANG_CXX_LIBRARY = "libc++";
				CLANG_WARN_EMPTY_BODY = YES;
				CLANG_WARN__DUPLICATE_METHOD_MATCH = YES;
				COPY_PHASE_STRIP = YES;
				DEBUG_INFORMATION_FORMAT = "dwarf-with-dsym";
				GCC_C_LANGUAGE_STANDARD = gnu99;
				GCC_ENABLE_OBJC_EXCEPTIONS = YES;
				GCC_WARN_64_TO_32_BIT_CONVERSION = YES;
				GCC_WARN_ABOUT_RETURN_TYPE = YES;
				GCC_WARN_UNINITIALIZED_AUTOS = YES;
				GCC_WARN_UNUSED_VARIABLE = YES;
				MACOSX_DEPLOYMENT_TARGET = 10.8;
				SDKROOT = macosx;
			};
			name = Release;
		};
		77B68D4C1627A64800C6296F /* Debug */ = {
			isa = XCBuildConfiguration;
			buildSettings = {
				DEBUGGING_SYMBOLS = YES;
				GCC_GENERATE_DEBUGGING_SYMBOLS = YES;
				GCC_OPTIMIZATION_LEVEL = 0;
				OTHER_CFLAGS = "";
				OTHER_LDFLAGS = "";
				PRODUCT_NAME = "$(TARGET_NAME)";
			};
			name = Debug;
		};
		77B68D4D1627A64800C6296F /* Release */ = {
			isa = XCBuildConfiguration;
			buildSettings = {
				OTHER_CFLAGS = "";
				OTHER_LDFLAGS = "";
				PRODUCT_NAME = "$(TARGET_NAME)";
			};
			name = Release;
		};
/* End XCBuildConfiguration section */

/* Begin XCConfigurationList section */
		77B68D461627A64800C6296F /* Build configuration list for PBXProject "MELTS" */ = {
			isa = XCConfigurationList;
			buildConfigurations = (
				77B68D491627A64800C6296F /* Debug */,
				77B68D4A1627A64800C6296F /* Release */,
			);
			defaultConfigurationIsVisible = 0;
			defaultConfigurationName = Release;
		};
		77B68D4B1627A64800C6296F /* Build configuration list for PBXLegacyTarget "MELTS" */ = {
			isa = XCConfigurationList;
			buildConfigurations = (
				77B68D4C1627A64800C6296F /* Debug */,
				77B68D4D1627A64800C6296F /* Release */,
			);
			defaultConfigurationIsVisible = 0;
			defaultConfigurationName = Release;
		};
/* End XCConfigurationList section */
	};
	rootObject = 77B68D431627A64800C6296F /* Project object */;
}
